
Microsoft Visual Studio Solution File, Format Version 12.00
# Visual Studio 15
VisualStudioVersion = 15.0.26730.16
MinimumVisualStudioVersion = 10.0.40219.1
Project("{FAE04EC0-301F-11D3-BF4B-00C04F79EFBC}") = "ProjectDiagramV1", "ProjectDiagramV1\ProjectDiagramV1.csproj", "{EFA1E5EC-28EB-469E-8CD1-DFD397795D59}"
EndProject
Global
	GlobalSection(SolutionConfigurationPlatforms) = preSolution
		Debug|Any CPU = Debug|Any CPU
		Release|Any CPU = Release|Any CPU
	EndGlobalSection
	GlobalSection(ProjectConfigurationPlatforms) = postSolution
		{EFA1E5EC-28EB-469E-8CD1-DFD397795D59}.Debug|Any CPU.ActiveCfg = Debug|Any CPU
		{EFA1E5EC-28EB-469E-8CD1-DFD397795D59}.Debug|Any CPU.Build.0 = Debug|Any CPU
		{EFA1E5EC-28EB-469E-8CD1-DFD397795D59}.Release|Any CPU.ActiveCfg = Release|Any CPU
		{EFA1E5EC-28EB-469E-8CD1-DFD397795D59}.Release|Any CPU.Build.0 = Release|Any CPU
	EndGlobalSection
	GlobalSection(SolutionProperties) = preSolution
		HideSolutionNode = FALSE
	EndGlobalSection
	GlobalSection(ExtensibilityGlobals) = postSolution
		SolutionGuid = {A0BDD4B0-CA91-4B7F-A78E-F9B82122FBB3}
	EndGlobalSection
EndGlobal
