
Microsoft Visual Studio Solution File, Format Version 12.00
# Visual Studio 15
VisualStudioVersion = 15.0.26730.16
MinimumVisualStudioVersion = 10.0.40219.1
Project("{FAE04EC0-301F-11D3-BF4B-00C04F79EFBC}") = "WpfApp3", "..\..\..\source\repos\WpfApp3\WpfApp3\WpfApp3.csproj", "{71740CC2-369B-4F04-8DDF-6C4BF20E55CE}"
EndProject
Global
	GlobalSection(SolutionConfigurationPlatforms) = preSolution
		Debug|Any CPU = Debug|Any CPU
		Release|Any CPU = Release|Any CPU
	EndGlobalSection
	GlobalSection(ProjectConfigurationPlatforms) = postSolution
		{71740CC2-369B-4F04-8DDF-6C4BF20E55CE}.Debug|Any CPU.ActiveCfg = Debug|Any CPU
		{71740CC2-369B-4F04-8DDF-6C4BF20E55CE}.Debug|Any CPU.Build.0 = Debug|Any CPU
		{71740CC2-369B-4F04-8DDF-6C4BF20E55CE}.Release|Any CPU.ActiveCfg = Release|Any CPU
		{71740CC2-369B-4F04-8DDF-6C4BF20E55CE}.Release|Any CPU.Build.0 = Release|Any CPU
	EndGlobalSection
	GlobalSection(SolutionProperties) = preSolution
		HideSolutionNode = FALSE
	EndGlobalSection
	GlobalSection(ExtensibilityGlobals) = postSolution
		SolutionGuid = {9013D31C-0676-445A-8927-620AC61AFC07}
	EndGlobalSection
EndGlobal
